
Microsoft Visual Studio Solution File, Format Version 12.00
# Visual Studio 2017
Project("{FAE04EC0-301F-11D3-BF4B-00C04F79EFBC}") = "ProjectPhone", "ProjectPhone.csproj", "{5FA14B66-DED8-B06B-A056-A37ACE078D24}"
EndProject
Project("{FAE04EC0-301F-11D3-BF4B-00C04F79EFBC}") = "ProjectPhone.Editor", "ProjectPhone.Editor.csproj", "{4B1BF906-0161-B73C-392A-94247F069F70}"
EndProject
Global
	GlobalSection(SolutionConfigurationPlatforms) = preSolution
		Debug|Any CPU = Debug|Any CPU
		Release|Any CPU = Release|Any CPU
	EndGlobalSection
	GlobalSection(ProjectConfigurationPlatforms) = postSolution
		{5FA14B66-DED8-B06B-A056-A37ACE078D24}.Debug|Any CPU.ActiveCfg = Debug|Any CPU
		{5FA14B66-DED8-B06B-A056-A37ACE078D24}.Debug|Any CPU.Build.0 = Debug|Any CPU
		{5FA14B66-DED8-B06B-A056-A37ACE078D24}.Release|Any CPU.ActiveCfg = Release|Any CPU
		{5FA14B66-DED8-B06B-A056-A37ACE078D24}.Release|Any CPU.Build.0 = Release|Any CPU
		{4B1BF906-0161-B73C-392A-94247F069F70}.Debug|Any CPU.ActiveCfg = Debug|Any CPU
		{4B1BF906-0161-B73C-392A-94247F069F70}.Debug|Any CPU.Build.0 = Debug|Any CPU
		{4B1BF906-0161-B73C-392A-94247F069F70}.Release|Any CPU.ActiveCfg = Release|Any CPU
		{4B1BF906-0161-B73C-392A-94247F069F70}.Release|Any CPU.Build.0 = Release|Any CPU
	EndGlobalSection
	GlobalSection(SolutionProperties) = preSolution
		HideSolutionNode = FALSE
	EndGlobalSection
EndGlobal
